dependencies:
- name: prometheus
  repository: https://prometheus-community.github.io/helm-charts
  version: 25.10.0
- name: grafana
  repository: https://grafana.github.io/helm-charts
  version: 7.2.4
- name: postgresql
  repository: https://charts.bitnami.com/bitnami
  version: 13.4.3
digest: sha256:93ac834a0b5e08a98d62b9db85bca163d775dbd8dada07cea222a7624a26c24b
generated: "2024-02-01T04:36:55.197090065+03:30"
